
Microsoft Visual Studio Solution File, Format Version 12.00
# Visual Studio Version 17
VisualStudioVersion = 17.1.32210.238
MinimumVisualStudioVersion = 10.0.40219.1
Project("{9A19103F-16F7-4668-BE54-9A1E7A4F7556}") = "LgpdApp.Server", "Server\LgpdApp.Server.csproj", "{AE02A6A2-27ED-4A5D-B676-ED9C03747D04}"
EndProject
Project("{9A19103F-16F7-4668-BE54-9A1E7A4F7556}") = "LgpdApp.Client", "Client\LgpdApp.Client.csproj", "{42FD0148-9327-4825-8582-C82735F9D05E}"
EndProject
Project("{9A19103F-16F7-4668-BE54-9A1E7A4F7556}") = "LgpdApp.Shared", "Shared\LgpdApp.Shared.csproj", "{0073B172-34A9-42BC-9AD2-BCA361AD7BAD}"
EndProject
Global
	GlobalSection(SolutionConfigurationPlatforms) = preSolution
		Debug|Any CPU = Debug|Any CPU
		Release|Any CPU = Release|Any CPU
	EndGlobalSection
	GlobalSection(ProjectConfigurationPlatforms) = postSolution
		{AE02A6A2-27ED-4A5D-B676-ED9C03747D04}.Debug|Any CPU.ActiveCfg = Debug|Any CPU
		{AE02A6A2-27ED-4A5D-B676-ED9C03747D04}.Debug|Any CPU.Build.0 = Debug|Any CPU
		{AE02A6A2-27ED-4A5D-B676-ED9C03747D04}.Release|Any CPU.ActiveCfg = Release|Any CPU
		{AE02A6A2-27ED-4A5D-B676-ED9C03747D04}.Release|Any CPU.Build.0 = Release|Any CPU
		{42FD0148-9327-4825-8582-C82735F9D05E}.Debug|Any CPU.ActiveCfg = Debug|Any CPU
		{42FD0148-9327-4825-8582-C82735F9D05E}.Debug|Any CPU.Build.0 = Debug|Any CPU
		{42FD0148-9327-4825-8582-C82735F9D05E}.Release|Any CPU.ActiveCfg = Release|Any CPU
		{42FD0148-9327-4825-8582-C82735F9D05E}.Release|Any CPU.Build.0 = Release|Any CPU
		{0073B172-34A9-42BC-9AD2-BCA361AD7BAD}.Debug|Any CPU.ActiveCfg = Debug|Any CPU
		{0073B172-34A9-42BC-9AD2-BCA361AD7BAD}.Debug|Any CPU.Build.0 = Debug|Any CPU
		{0073B172-34A9-42BC-9AD2-BCA361AD7BAD}.Release|Any CPU.ActiveCfg = Release|Any CPU
		{0073B172-34A9-42BC-9AD2-BCA361AD7BAD}.Release|Any CPU.Build.0 = Release|Any CPU
	EndGlobalSection
	GlobalSection(SolutionProperties) = preSolution
		HideSolutionNode = FALSE
	EndGlobalSection
	GlobalSection(ExtensibilityGlobals) = postSolution
		SolutionGuid = {6B3F0054-7636-46A3-9F7A-CF202C3D506C}
	EndGlobalSection
EndGlobal
